<Solution>
  <Folder Name="/Solution Items/">
    <File Path=".gitattributes" />
    <File Path=".gitignore" />
    <File Path="Directory.Build.props" />
    <File Path="global.json" />
    <File Path="LICENSE" />
    <File Path="README.md" />
  </Folder>
  <Folder Name="/src/">
    <Project Path="src/NAudio.BrowserAudioWorklet/NAudio.BrowserAudioWorklet.csproj" />
  </Folder>
  <Folder Name="/tests/">
    <Project Path="tests/NAudio.BrowserAudioWorklet.Tests/NAudio.BrowserAudioWorklet.Tests.csproj" />
  </Folder>
  <Folder Name="/samples/">
    <Project Path="samples/BrowserAudioWorkletDemo/BrowserAudioWorkletDemo.csproj" />
    <Project Path="samples/BrowserMusicPlayerDemo/BrowserMusicPlayerDemo.csproj" />
  </Folder>
</Solution>
